
Microsoft Visual Studio Solution File, Format Version 12.00
# Visual Studio Version 16
VisualStudioVersion = 16.0.29025.244
MinimumVisualStudioVersion = 10.0.40219.1
Project("{9A19103F-16F7-4668-BE54-9A1E7A4F7556}") = "NeonTetraConsole", "NeonTetraConsole\NeonTetraConsole.csproj", "{D875D782-0F51-4C0E-B956-BF998024920B}"
EndProject
Project("{2150E333-8FDC-42A3-9474-1A3956D46DE8}") = "Solution Items", "Solution Items", "{919A2FA8-D135-46FD-839E-05CB1C2A63C1}"
	ProjectSection(SolutionItems) = preProject
		readme.md = readme.md
	EndProjectSection
EndProject
Global
	GlobalSection(SolutionConfigurationPlatforms) = preSolution
		Debug|Any CPU = Debug|Any CPU
		Release|Any CPU = Release|Any CPU
	EndGlobalSection
	GlobalSection(ProjectConfigurationPlatforms) = postSolution
		{D875D782-0F51-4C0E-B956-BF998024920B}.Debug|Any CPU.ActiveCfg = Debug|Any CPU
		{D875D782-0F51-4C0E-B956-BF998024920B}.Debug|Any CPU.Build.0 = Debug|Any CPU
		{D875D782-0F51-4C0E-B956-BF998024920B}.Release|Any CPU.ActiveCfg = Release|Any CPU
		{D875D782-0F51-4C0E-B956-BF998024920B}.Release|Any CPU.Build.0 = Release|Any CPU
	EndGlobalSection
	GlobalSection(SolutionProperties) = preSolution
		HideSolutionNode = FALSE
	EndGlobalSection
	GlobalSection(ExtensibilityGlobals) = postSolution
		SolutionGuid = {0DDB235A-44A2-4352-BCDA-362FCB34AB1C}
	EndGlobalSection
EndGlobal
